// !$*UTF8*$!
{
	archiveVersion = 1;
	classes = {
	};
	objectVersion = 56;
	objects = {

/* Begin PBXBuildFile section */
		2947894A29C8C2060082D0C0 /* ProjectDependencies in Frameworks */ = {isa = PBXBuildFile; productRef = 2947894929C8C2060082D0C0 /* ProjectDependencies */; };
		295097D229BD9AEF008166F7 /* AppDelegate.swift in Sources */ = {isa = PBXBuildFile; fileRef = 295097D129BD9AEF008166F7 /* AppDelegate.swift */; };
		295097D429BD9AEF008166F7 /* SceneDelegate.swift in Sources */ = {isa = PBXBuildFile; fileRef = 295097D329BD9AEF008166F7 /* SceneDelegate.swift */; };
		295097DB29BD9AF0008166F7 /* Assets.xcassets in Resources */ = {isa = PBXBuildFile; fileRef = 295097DA29BD9AF0008166F7 /* Assets.xcassets */; };
		295097DE29BD9AF0008166F7 /* LaunchScreen.storyboard in Resources */ = {isa = PBXBuildFile; fileRef = 295097DC29BD9AF0008166F7 /* LaunchScreen.storyboard */; };
		295097E829BD9B83008166F7 /* AppCoordinator.swift in Sources */ = {isa = PBXBuildFile; fileRef = 295097E729BD9B83008166F7 /* AppCoordinator.swift */; };
		295097EA29BD9BAE008166F7 /* FightViewController.swift in Sources */ = {isa = PBXBuildFile; fileRef = 295097E929BD9BAE008166F7 /* FightViewController.swift */; };
		295097EC29BD9BC5008166F7 /* ResultViewController.swift in Sources */ = {isa = PBXBuildFile; fileRef = 295097EB29BD9BC5008166F7 /* ResultViewController.swift */; };
		295097EF29BD9BEE008166F7 /* FightPresenter.swift in Sources */ = {isa = PBXBuildFile; fileRef = 295097EE29BD9BEE008166F7 /* FightPresenter.swift */; };
		295097F429BDB168008166F7 /* GifExtention.swift in Sources */ = {isa = PBXBuildFile; fileRef = 295097F329BDB168008166F7 /* GifExtention.swift */; };
		295097F729BDB18F008166F7 /* leftFighter.gif in Resources */ = {isa = PBXBuildFile; fileRef = 295097F529BDB18E008166F7 /* leftFighter.gif */; };
		295097F829BDB18F008166F7 /* rightFighter.gif in Resources */ = {isa = PBXBuildFile; fileRef = 295097F629BDB18F008166F7 /* rightFighter.gif */; };
		2997006329CED1F400CD0E64 /* ServiceLocator.swift in Sources */ = {isa = PBXBuildFile; fileRef = 2997006229CED1F400CD0E64 /* ServiceLocator.swift */; };
		2997006529CED23700CD0E64 /* AppConfigurator.swift in Sources */ = {isa = PBXBuildFile; fileRef = 2997006429CED23700CD0E64 /* AppConfigurator.swift */; };
/* End PBXBuildFile section */

/* Begin PBXFileReference section */
		2947894729C8C1F80082D0C0 /* ProjectDependencies */ = {isa = PBXFileReference; lastKnownFileType = wrapper; name = ProjectDependencies; path = Packages/ProjectDependencies; sourceTree = "<group>"; };
		295097CE29BD9AEF008166F7 /* FightingSimulator3000.app */ = {isa = PBXFileReference; explicitFileType = wrapper.application; includeInIndex = 0; path = FightingSimulator3000.app; sourceTree = BUILT_PRODUCTS_DIR; };
		295097D129BD9AEF008166F7 /* AppDelegate.swift */ = {isa = PBXFileReference; lastKnownFileType = sourcecode.swift; path = AppDelegate.swift; sourceTree = "<group>"; };
		295097D329BD9AEF008166F7 /* SceneDelegate.swift */ = {isa = PBXFileReference; lastKnownFileType = sourcecode.swift; path = SceneDelegate.swift; sourceTree = "<group>"; };
		295097DA29BD9AF0008166F7 /* Assets.xcassets */ = {isa = PBXFileReference; lastKnownFileType = folder.assetcatalog; path = Assets.xcassets; sourceTree = "<group>"; };
		295097DD29BD9AF0008166F7 /* Base */ = {isa = PBXFileReference; lastKnownFileType = file.storyboard; name = Base; path = Base.lproj/LaunchScreen.storyboard; sourceTree = "<group>"; };
		295097DF29BD9AF0008166F7 /* Info.plist */ = {isa = PBXFileReference; lastKnownFileType = text.plist.xml; path = Info.plist; sourceTree = "<group>"; };
		295097E729BD9B83008166F7 /* AppCoordinator.swift */ = {isa = PBXFileReference; lastKnownFileType = sourcecode.swift; path = AppCoordinator.swift; sourceTree = "<group>"; };
		295097E929BD9BAE008166F7 /* FightViewController.swift */ = {isa = PBXFileReference; lastKnownFileType = sourcecode.swift; path = FightViewController.swift; sourceTree = "<group>"; };
		295097EB29BD9BC5008166F7 /* ResultViewController.swift */ = {isa = PBXFileReference; lastKnownFileType = sourcecode.swift; path = ResultViewController.swift; sourceTree = "<group>"; };
		295097EE29BD9BEE008166F7 /* FightPresenter.swift */ = {isa = PBXFileReference; lastKnownFileType = sourcecode.swift; path = FightPresenter.swift; sourceTree = "<group>"; };
		295097F329BDB168008166F7 /* GifExtention.swift */ = {isa = PBXFileReference; lastKnownFileType = sourcecode.swift; path = GifExtention.swift; sourceTree = "<group>"; };
		295097F529BDB18E008166F7 /* leftFighter.gif */ = {isa = PBXFileReference; lastKnownFileType = image.gif; path = leftFighter.gif; sourceTree = "<group>"; };
		295097F629BDB18F008166F7 /* rightFighter.gif */ = {isa = PBXFileReference; lastKnownFileType = image.gif; path = rightFighter.gif; sourceTree = "<group>"; };
		2997006229CED1F400CD0E64 /* ServiceLocator.swift */ = {isa = PBXFileReference; lastKnownFileType = sourcecode.swift; path = ServiceLocator.swift; sourceTree = "<group>"; };
		2997006429CED23700CD0E64 /* AppConfigurator.swift */ = {isa = PBXFileReference; lastKnownFileType = sourcecode.swift; path = AppConfigurator.swift; sourceTree = "<group>"; };
/* End PBXFileReference section */

/* Begin PBXFrameworksBuildPhase section */
		295097CB29BD9AEF008166F7 /* Frameworks */ = {
			isa = PBXFrameworksBuildPhase;
			buildActionMask = 2147483647;
			files = (
				2947894A29C8C2060082D0C0 /* ProjectDependencies in Frameworks */,
			);
			runOnlyForDeploymentPostprocessing = 0;
		};
/* End PBXFrameworksBuildPhase section */

/* Begin PBXGroup section */
		2917B0CD29CEDE3700F439CE /* Dependencies */ = {
			isa = PBXGroup;
			children = (
				2997006429CED23700CD0E64 /* AppConfigurator.swift */,
				2997006229CED1F400CD0E64 /* ServiceLocator.swift */,
			);
			path = Dependencies;
			sourceTree = "<group>";
		};
		2947894629C8C1F80082D0C0 /* Packages */ = {
			isa = PBXGroup;
			children = (
				2947894729C8C1F80082D0C0 /* ProjectDependencies */,
			);
			name = Packages;
			sourceTree = "<group>";
		};
		2947894829C8C2060082D0C0 /* Frameworks */ = {
			isa = PBXGroup;
			children = (
			);
			name = Frameworks;
			sourceTree = "<group>";
		};
		295097C529BD9AEF008166F7 = {
			isa = PBXGroup;
			children = (
				2947894629C8C1F80082D0C0 /* Packages */,
				295097D029BD9AEF008166F7 /* FightingSimulator3000 */,
				295097CF29BD9AEF008166F7 /* Products */,
				2947894829C8C2060082D0C0 /* Frameworks */,
			);
			sourceTree = "<group>";
		};
		295097CF29BD9AEF008166F7 /* Products */ = {
			isa = PBXGroup;
			children = (
				295097CE29BD9AEF008166F7 /* FightingSimulator3000.app */,
			);
			name = Products;
			sourceTree = "<group>";
		};
		295097D029BD9AEF008166F7 /* FightingSimulator3000 */ = {
			isa = PBXGroup;
			children = (
				2917B0CD29CEDE3700F439CE /* Dependencies */,
				2997006029CED0E600CD0E64 /* App */,
				2997005F29CED0D400CD0E64 /* Coordinator */,
				295097F229BDB153008166F7 /* Extention */,
				295097E529BD9B49008166F7 /* Presentation */,
				295097DA29BD9AF0008166F7 /* Assets.xcassets */,
				295097F529BDB18E008166F7 /* leftFighter.gif */,
				295097F629BDB18F008166F7 /* rightFighter.gif */,
				295097DC29BD9AF0008166F7 /* LaunchScreen.storyboard */,
				295097DF29BD9AF0008166F7 /* Info.plist */,
			);
			path = FightingSimulator3000;
			sourceTree = "<group>";
		};
		295097E529BD9B49008166F7 /* Presentation */ = {
			isa = PBXGroup;
			children = (
				295097ED29BD9BD8008166F7 /* Fight */,
				295097EB29BD9BC5008166F7 /* ResultViewController.swift */,
			);
			path = Presentation;
			sourceTree = "<group>";
		};
		295097ED29BD9BD8008166F7 /* Fight */ = {
			isa = PBXGroup;
			children = (
				295097E929BD9BAE008166F7 /* FightViewController.swift */,
				295097EE29BD9BEE008166F7 /* FightPresenter.swift */,
			);
			path = Fight;
			sourceTree = "<group>";
		};
		295097F229BDB153008166F7 /* Extention */ = {
			isa = PBXGroup;
			children = (
				295097F329BDB168008166F7 /* GifExtention.swift */,
			);
			path = Extention;
			sourceTree = "<group>";
		};
		2997005F29CED0D400CD0E64 /* Coordinator */ = {
			isa = PBXGroup;
			children = (
				295097E729BD9B83008166F7 /* AppCoordinator.swift */,
			);
			path = Coordinator;
			sourceTree = "<group>";
		};
		2997006029CED0E600CD0E64 /* App */ = {
			isa = PBXGroup;
			children = (
				295097D329BD9AEF008166F7 /* SceneDelegate.swift */,
				295097D129BD9AEF008166F7 /* AppDelegate.swift */,
			);
			path = App;
			sourceTree = "<group>";
		};
/* End PBXGroup section */

/* Begin PBXNativeTarget section */
		295097CD29BD9AEF008166F7 /* FightingSimulator3000 */ = {
			isa = PBXNativeTarget;
			buildConfigurationList = 295097E229BD9AF0008166F7 /* Build configuration list for PBXNativeTarget "FightingSimulator3000" */;
			buildPhases = (
				295097CA29BD9AEF008166F7 /* Sources */,
				295097CB29BD9AEF008166F7 /* Frameworks */,
				295097CC29BD9AEF008166F7 /* Resources */,
			);
			buildRules = (
			);
			dependencies = (
			);
			name = FightingSimulator3000;
			packageProductDependencies = (
				2947894929C8C2060082D0C0 /* ProjectDependencies */,
			);
			productName = FightingSimulator3000;
			productReference = 295097CE29BD9AEF008166F7 /* FightingSimulator3000.app */;
			productType = "com.apple.product-type.application";
		};
/* End PBXNativeTarget section */

/* Begin PBXProject section */
		295097C629BD9AEF008166F7 /* Project object */ = {
			isa = PBXProject;
			attributes = {
				BuildIndependentTargetsInParallel = 1;
				LastSwiftUpdateCheck = 1420;
				LastUpgradeCheck = 1420;
				TargetAttributes = {
					295097CD29BD9AEF008166F7 = {
						CreatedOnToolsVersion = 14.2;
					};
				};
			};
			buildConfigurationList = 295097C929BD9AEF008166F7 /* Build configuration list for PBXProject "FightingSimulator3000" */;
			compatibilityVersion = "Xcode 14.0";
			developmentRegion = en;
			hasScannedForEncodings = 0;
			knownRegions = (
				en,
				Base,
			);
			mainGroup = 295097C529BD9AEF008166F7;
			productRefGroup = 295097CF29BD9AEF008166F7 /* Products */;
			projectDirPath = "";
			projectRoot = "";
			targets = (
				295097CD29BD9AEF008166F7 /* FightingSimulator3000 */,
			);
		};
/* End PBXProject section */

/* Begin PBXResourcesBuildPhase section */
		295097CC29BD9AEF008166F7 /* Resources */ = {
			isa = PBXResourcesBuildPhase;
			buildActionMask = 2147483647;
			files = (
				295097DE29BD9AF0008166F7 /* LaunchScreen.storyboard in Resources */,
				295097F729BDB18F008166F7 /* leftFighter.gif in Resources */,
				295097DB29BD9AF0008166F7 /* Assets.xcassets in Resources */,
				295097F829BDB18F008166F7 /* rightFighter.gif in Resources */,
			);
			runOnlyForDeploymentPostprocessing = 0;
		};
/* End PBXResourcesBuildPhase section */

/* Begin PBXSourcesBuildPhase section */
		295097CA29BD9AEF008166F7 /* Sources */ = {
			isa = PBXSourcesBuildPhase;
			buildActionMask = 2147483647;
			files = (
				295097F429BDB168008166F7 /* GifExtention.swift in Sources */,
				295097EA29BD9BAE008166F7 /* FightViewController.swift in Sources */,
				295097EF29BD9BEE008166F7 /* FightPresenter.swift in Sources */,
				295097E829BD9B83008166F7 /* AppCoordinator.swift in Sources */,
				2997006329CED1F400CD0E64 /* ServiceLocator.swift in Sources */,
				295097D229BD9AEF008166F7 /* AppDelegate.swift in Sources */,
				295097D429BD9AEF008166F7 /* SceneDelegate.swift in Sources */,
				2997006529CED23700CD0E64 /* AppConfigurator.swift in Sources */,
				295097EC29BD9BC5008166F7 /* ResultViewController.swift in Sources */,
			);
			runOnlyForDeploymentPostprocessing = 0;
		};
/* End PBXSourcesBuildPhase section */

/* Begin PBXVariantGroup section */
		295097DC29BD9AF0008166F7 /* LaunchScreen.storyboard */ = {
			isa = PBXVariantGroup;
			children = (
				295097DD29BD9AF0008166F7 /* Base */,
			);
			name = LaunchScreen.storyboard;
			sourceTree = "<group>";
		};
/* End PBXVariantGroup section */

/* Begin XCBuildConfiguration section */
		295097E029BD9AF0008166F7 /* Debug */ = {
			isa = XCBuildConfiguration;
			buildSettings = {
				ALWAYS_SEARCH_USER_PATHS = NO;
				CLANG_ANALYZER_NONNULL = YES;
				CLANG_ANALYZER_NUMBER_OBJECT_CONVERSION = YES_AGGRESSIVE;
				CLANG_CXX_LANGUAGE_STANDARD = "gnu++20";
				CLANG_ENABLE_MODULES = YES;
				CLANG_ENABLE_OBJC_ARC = YES;
				CLANG_ENABLE_OBJC_WEAK = YES;
				CLANG_WARN_BLOCK_CAPTURE_AUTORELEASING = YES;
				CLANG_WARN_BOOL_CONVERSION = YES;
				CLANG_WARN_COMMA = YES;
				CLANG_WARN_CONSTANT_CONVERSION = YES;
				CLANG_WARN_DEPRECATED_OBJC_IMPLEMENTATIONS = YES;
				CLANG_WARN_DIRECT_OBJC_ISA_USAGE = YES_ERROR;
				CLANG_WARN_DOCUMENTATION_COMMENTS = YES;
				CLANG_WARN_EMPTY_BODY = YES;
				CLANG_WARN_ENUM_CONVERSION = YES;
				CLANG_WARN_INFINITE_RECURSION = YES;
				CLANG_WARN_INT_CONVERSION = YES;
				CLANG_WARN_NON_LITERAL_NULL_CONVERSION = YES;
				CLANG_WARN_OBJC_IMPLICIT_RETAIN_SELF = YES;
				CLANG_WARN_OBJC_LITERAL_CONVERSION = YES;
				CLANG_WARN_OBJC_ROOT_CLASS = YES_ERROR;
				CLANG_WARN_QUOTED_INCLUDE_IN_FRAMEWORK_HEADER = YES;
				CLANG_WARN_RANGE_LOOP_ANALYSIS = YES;
				CLANG_WARN_STRICT_PROTOTYPES = YES;
				CLANG_WARN_SUSPICIOUS_MOVE = YES;
				CLANG_WARN_UNGUARDED_AVAILABILITY = YES_AGGRESSIVE;
				CLANG_WARN_UNREACHABLE_CODE = YES;
				CLANG_WARN__DUPLICATE_METHOD_MATCH = YES;
				COPY_PHASE_STRIP = NO;
				DEBUG_INFORMATION_FORMAT = dwarf;
				ENABLE_STRICT_OBJC_MSGSEND = YES;
				ENABLE_TESTABILITY = YES;
				GCC_C_LANGUAGE_STANDARD = gnu11;
				GCC_DYNAMIC_NO_PIC = NO;
				GCC_NO_COMMON_BLOCKS = YES;
				GCC_OPTIMIZATION_LEVEL = 0;
				GCC_PREPROCESSOR_DEFINITIONS = (
					"DEBUG=1",
					"$(inherited)",
				);
				GCC_WARN_64_TO_32_BIT_CONVERSION = YES;
				GCC_WARN_ABOUT_RETURN_TYPE = YES_ERROR;
				GCC_WARN_UNDECLARED_SELECTOR = YES;
				GCC_WARN_UNINITIALIZED_AUTOS = YES_AGGRESSIVE;
				GCC_WARN_UNUSED_FUNCTION = YES;
				GCC_WARN_UNUSED_VARIABLE = YES;
				IPHONEOS_DEPLOYMENT_TARGET = 16.2;
				MTL_ENABLE_DEBUG_INFO = INCLUDE_SOURCE;
				MTL_FAST_MATH = YES;
				ONLY_ACTIVE_ARCH = YES;
				SDKROOT = iphoneos;
				SWIFT_ACTIVE_COMPILATION_CONDITIONS = DEBUG;
				SWIFT_OPTIMIZATION_LEVEL = "-Onone";
			};
			name = Debug;
		};
		295097E129BD9AF0008166F7 /* Release */ = {
			isa = XCBuildConfiguration;
			buildSettings = {
				ALWAYS_SEARCH_USER_PATHS = NO;
				CLANG_ANALYZER_NONNULL = YES;
				CLANG_ANALYZER_NUMBER_OBJECT_CONVERSION = YES_AGGRESSIVE;
				CLANG_CXX_LANGUAGE_STANDARD = "gnu++20";
				CLANG_ENABLE_MODULES = YES;
				CLANG_ENABLE_OBJC_ARC = YES;
				CLANG_ENABLE_OBJC_WEAK = YES;
				CLANG_WARN_BLOCK_CAPTURE_AUTORELEASING = YES;
				CLANG_WARN_BOOL_CONVERSION = YES;
				CLANG_WARN_COMMA = YES;
				CLANG_WARN_CONSTANT_CONVERSION = YES;
				CLANG_WARN_DEPRECATED_OBJC_IMPLEMENTATIONS = YES;
				CLANG_WARN_DIRECT_OBJC_ISA_USAGE = YES_ERROR;
				CLANG_WARN_DOCUMENTATION_COMMENTS = YES;
				CLANG_WARN_EMPTY_BODY = YES;
				CLANG_WARN_ENUM_CONVERSION = YES;
				CLANG_WARN_INFINITE_RECURSION = YES;
				CLANG_WARN_INT_CONVERSION = YES;
				CLANG_WARN_NON_LITERAL_NULL_CONVERSION = YES;
				CLANG_WARN_OBJC_IMPLICIT_RETAIN_SELF = YES;
				CLANG_WARN_OBJC_LITERAL_CONVERSION = YES;
				CLANG_WARN_OBJC_ROOT_CLASS = YES_ERROR;
				CLANG_WARN_QUOTED_INCLUDE_IN_FRAMEWORK_HEADER = YES;
				CLANG_WARN_RANGE_LOOP_ANALYSIS = YES;
				CLANG_WARN_STRICT_PROTOTYPES = YES;
				CLANG_WARN_SUSPICIOUS_MOVE = YES;
				CLANG_WARN_UNGUARDED_AVAILABILITY = YES_AGGRESSIVE;
				CLANG_WARN_UNREACHABLE_CODE = YES;
				CLANG_WARN__DUPLICATE_METHOD_MATCH = YES;
				COPY_PHASE_STRIP = NO;
				DEBUG_INFORMATION_FORMAT = "dwarf-with-dsym";
				ENABLE_NS_ASSERTIONS = NO;
				ENABLE_STRICT_OBJC_MSGSEND = YES;
				GCC_C_LANGUAGE_STANDARD = gnu11;
				GCC_NO_COMMON_BLOCKS = YES;
				GCC_WARN_64_TO_32_BIT_CONVERSION = YES;
				GCC_WARN_ABOUT_RETURN_TYPE = YES_ERROR;
				GCC_WARN_UNDECLARED_SELECTOR = YES;
				GCC_WARN_UNINITIALIZED_AUTOS = YES_AGGRESSIVE;
				GCC_WARN_UNUSED_FUNCTION = YES;
				GCC_WARN_UNUSED_VARIABLE = YES;
				IPHONEOS_DEPLOYMENT_TARGET = 16.2;
				MTL_ENABLE_DEBUG_INFO = NO;
				MTL_FAST_MATH = YES;
				SDKROOT = iphoneos;
				SWIFT_COMPILATION_MODE = wholemodule;
				SWIFT_OPTIMIZATION_LEVEL = "-O";
				VALIDATE_PRODUCT = YES;
			};
			name = Release;
		};
		295097E329BD9AF0008166F7 /* Debug */ = {
			isa = XCBuildConfiguration;
			buildSettings = {
				ASSETCATALOG_COMPILER_APPICON_NAME = AppIcon;
				ASSETCATALOG_COMPILER_GLOBAL_ACCENT_COLOR_NAME = AccentColor;
				CODE_SIGN_STYLE = Automatic;
				CURRENT_PROJECT_VERSION = 1;
				DEVELOPMENT_TEAM = ZA8S3A839R;
				GENERATE_INFOPLIST_FILE = YES;
				INFOPLIST_FILE = FightingSimulator3000/Info.plist;
				INFOPLIST_KEY_UIApplicationSupportsIndirectInputEvents = YES;
				INFOPLIST_KEY_UILaunchStoryboardName = LaunchScreen;
				INFOPLIST_KEY_UISupportedInterfaceOrientations_iPad = "UIInterfaceOrientationPortrait UIInterfaceOrientationPortraitUpsideDown UIInterfaceOrientationLandscapeLeft UIInterfaceOrientationLandscapeRight";
				INFOPLIST_KEY_UISupportedInterfaceOrientations_iPhone = "UIInterfaceOrientationPortrait UIInterfaceOrientationLandscapeLeft UIInterfaceOrientationLandscapeRight";
				LD_RUNPATH_SEARCH_PATHS = (
					"$(inherited)",
					"@executable_path/Frameworks",
				);
				MARKETING_VERSION = 1.0;
				PRODUCT_BUNDLE_IDENTIFIER = com.iosLab.studentWork.FightingSimulator3000;
				PRODUCT_NAME = "$(TARGET_NAME)";
				SWIFT_EMIT_LOC_STRINGS = YES;
				SWIFT_VERSION = 5.0;
				TARGETED_DEVICE_FAMILY = "1,2";
			};
			name = Debug;
		};
		295097E429BD9AF0008166F7 /* Release */ = {
			isa = XCBuildConfiguration;
			buildSettings = {
				ASSETCATALOG_COMPILER_APPICON_NAME = AppIcon;
				ASSETCATALOG_COMPILER_GLOBAL_ACCENT_COLOR_NAME = AccentColor;
				CODE_SIGN_STYLE = Automatic;
				CURRENT_PROJECT_VERSION = 1;
				DEVELOPMENT_TEAM = ZA8S3A839R;
				GENERATE_INFOPLIST_FILE = YES;
				INFOPLIST_FILE = FightingSimulator3000/Info.plist;
				INFOPLIST_KEY_UIApplicationSupportsIndirectInputEvents = YES;
				INFOPLIST_KEY_UILaunchStoryboardName = LaunchScreen;
				INFOPLIST_KEY_UISupportedInterfaceOrientations_iPad = "UIInterfaceOrientationPortrait UIInterfaceOrientationPortraitUpsideDown UIInterfaceOrientationLandscapeLeft UIInterfaceOrientationLandscapeRight";
				INFOPLIST_KEY_UISupportedInterfaceOrientations_iPhone = "UIInterfaceOrientationPortrait UIInterfaceOrientationLandscapeLeft UIInterfaceOrientationLandscapeRight";
				LD_RUNPATH_SEARCH_PATHS = (
					"$(inherited)",
					"@executable_path/Frameworks",
				);
				MARKETING_VERSION = 1.0;
				PRODUCT_BUNDLE_IDENTIFIER = com.iosLab.studentWork.FightingSimulator3000;
				PRODUCT_NAME = "$(TARGET_NAME)";
				SWIFT_EMIT_LOC_STRINGS = YES;
				SWIFT_VERSION = 5.0;
				TARGETED_DEVICE_FAMILY = "1,2";
			};
			name = Release;
		};
/* End XCBuildConfiguration section */

/* Begin XCConfigurationList section */
		295097C929BD9AEF008166F7 /* Build configuration list for PBXProject "FightingSimulator3000" */ = {
			isa = XCConfigurationList;
			buildConfigurations = (
				295097E029BD9AF0008166F7 /* Debug */,
				295097E129BD9AF0008166F7 /* Release */,
			);
			defaultConfigurationIsVisible = 0;
			defaultConfigurationName = Release;
		};
		295097E229BD9AF0008166F7 /* Build configuration list for PBXNativeTarget "FightingSimulator3000" */ = {
			isa = XCConfigurationList;
			buildConfigurations = (
				295097E329BD9AF0008166F7 /* Debug */,
				295097E429BD9AF0008166F7 /* Release */,
			);
			defaultConfigurationIsVisible = 0;
			defaultConfigurationName = Release;
		};
/* End XCConfigurationList section */

/* Begin XCSwiftPackageProductDependency section */
		2947894929C8C2060082D0C0 /* ProjectDependencies */ = {
			isa = XCSwiftPackageProductDependency;
			productName = ProjectDependencies;
		};
/* End XCSwiftPackageProductDependency section */
	};
	rootObject = 295097C629BD9AEF008166F7 /* Project object */;
}
